
Microsoft Visual Studio Solution File, Format Version 12.00
# Visual Studio Version 17
VisualStudioVersion = 17.5.002.0
MinimumVisualStudioVersion = 10.0.40219.1
Project("{9A19103F-16F7-4668-BE54-9A1E7A4F7556}") = "organization", "organization.csproj", "{5DE8EFFB-F0CD-4E38-8021-5A4FCEEF2105}"
EndProject
Global
	GlobalSection(SolutionConfigurationPlatforms) = preSolution
		Debug|Any CPU = Debug|Any CPU
		Release|Any CPU = Release|Any CPU
	EndGlobalSection
	GlobalSection(ProjectConfigurationPlatforms) = postSolution
		{5DE8EFFB-F0CD-4E38-8021-5A4FCEEF2105}.Debug|Any CPU.ActiveCfg = Debug|Any CPU
		{5DE8EFFB-F0CD-4E38-8021-5A4FCEEF2105}.Debug|Any CPU.Build.0 = Debug|Any CPU
		{5DE8EFFB-F0CD-4E38-8021-5A4FCEEF2105}.Release|Any CPU.ActiveCfg = Release|Any CPU
		{5DE8EFFB-F0CD-4E38-8021-5A4FCEEF2105}.Release|Any CPU.Build.0 = Release|Any CPU
	EndGlobalSection
	GlobalSection(SolutionProperties) = preSolution
		HideSolutionNode = FALSE
	EndGlobalSection
	GlobalSection(ExtensibilityGlobals) = postSolution
		SolutionGuid = {E672DDF8-7EB6-4C6E-B100-09B63136FF82}
	EndGlobalSection
EndGlobal
